// !$*UTF8*$!
{
	archiveVersion = 1;
	classes = {
	};
	objectVersion = 77;
	objects = {

/* Begin PBXBuildFile section */
		A50464DD2E38893C00A45850 /* SDWebImage in Frameworks */ = {isa = PBXBuildFile; productRef = A50464DC2E38893C00A45850 /* SDWebImage */; };
		A50464DF2E38893C00A45850 /* SDWebImageMapKit in Frameworks */ = {isa = PBXBuildFile; productRef = A50464DE2E38893C00A45850 /* SDWebImageMapKit */; };
/* End PBXBuildFile section */

/* Begin PBXContainerItemProxy section */
		A5AA3BB22DDD895100B21B3A /* PBXContainerItemProxy */ = {
			isa = PBXContainerItemProxy;
			containerPortal = A5AA3B9C2DDD895000B21B3A /* Project object */;
			proxyType = 1;
			remoteGlobalIDString = A5AA3BA32DDD895000B21B3A;
			remoteInfo = MyRickAndMorty;
		};
		A5AA3BBC2DDD895100B21B3A /* PBXContainerItemProxy */ = {
			isa = PBXContainerItemProxy;
			containerPortal = A5AA3B9C2DDD895000B21B3A /* Project object */;
			proxyType = 1;
			remoteGlobalIDString = A5AA3BA32DDD895000B21B3A;
			remoteInfo = MyRickAndMorty;
		};
/* End PBXContainerItemProxy section */

/* Begin PBXFileReference section */
		A5AA3BA42DDD895000B21B3A /* MyRickAndMorty.app */ = {isa = PBXFileReference; explicitFileType = wrapper.application; includeInIndex = 0; path = MyRickAndMorty.app; sourceTree = BUILT_PRODUCTS_DIR; };
		A5AA3BB12DDD895100B21B3A /* MyRickAndMortyTests.xctest */ = {isa = PBXFileReference; explicitFileType = wrapper.cfbundle; includeInIndex = 0; path = MyRickAndMortyTests.xctest; sourceTree = BUILT_PRODUCTS_DIR; };
		A5AA3BBB2DDD895100B21B3A /* MyRickAndMortyUITests.xctest */ = {isa = PBXFileReference; explicitFileType = wrapper.cfbundle; includeInIndex = 0; path = MyRickAndMortyUITests.xctest; sourceTree = BUILT_PRODUCTS_DIR; };
/* End PBXFileReference section */

/* Begin PBXFileSystemSynchronizedRootGroup section */
		A5AA3BA62DDD895000B21B3A /* MyRickAndMorty */ = {
			isa = PBXFileSystemSynchronizedRootGroup;
			path = MyRickAndMorty;
			sourceTree = "<group>";
		};
		A5AA3BB42DDD895100B21B3A /* MyRickAndMortyTests */ = {
			isa = PBXFileSystemSynchronizedRootGroup;
			path = MyRickAndMortyTests;
			sourceTree = "<group>";
		};
		A5AA3BBE2DDD895100B21B3A /* MyRickAndMortyUITests */ = {
			isa = PBXFileSystemSynchronizedRootGroup;
			path = MyRickAndMortyUITests;
			sourceTree = "<group>";
		};
/* End PBXFileSystemSynchronizedRootGroup section */

/* Begin PBXFrameworksBuildPhase section */
		A5AA3BA12DDD895000B21B3A /* Frameworks */ = {
			isa = PBXFrameworksBuildPhase;
			buildActionMask = 2147483647;
			files = (
				A50464DF2E38893C00A45850 /* SDWebImageMapKit in Frameworks */,
				A50464DD2E38893C00A45850 /* SDWebImage in Frameworks */,
			);
			runOnlyForDeploymentPostprocessing = 0;
		};
		A5AA3BAE2DDD895100B21B3A /* Frameworks */ = {
			isa = PBXFrameworksBuildPhase;
			buildActionMask = 2147483647;
			files = (
			);
			runOnlyForDeploymentPostprocessing = 0;
		};
		A5AA3BB82DDD895100B21B3A /* Frameworks */ = {
			isa = PBXFrameworksBuildPhase;
			buildActionMask = 2147483647;
			files = (
			);
			runOnlyForDeploymentPostprocessing = 0;
		};
/* End PBXFrameworksBuildPhase section */

/* Begin PBXGroup section */
		A5AA3B9B2DDD895000B21B3A = {
			isa = PBXGroup;
			children = (
				A5AA3BA62DDD895000B21B3A /* MyRickAndMorty */,
				A5AA3BB42DDD895100B21B3A /* MyRickAndMortyTests */,
				A5AA3BBE2DDD895100B21B3A /* MyRickAndMortyUITests */,
				A5AA3BA52DDD895000B21B3A /* Products */,
			);
			sourceTree = "<group>";
		};
		A5AA3BA52DDD895000B21B3A /* Products */ = {
			isa = PBXGroup;
			children = (
				A5AA3BA42DDD895000B21B3A /* MyRickAndMorty.app */,
				A5AA3BB12DDD895100B21B3A /* MyRickAndMortyTests.xctest */,
				A5AA3BBB2DDD895100B21B3A /* MyRickAndMortyUITests.xctest */,
			);
			name = Products;
			sourceTree = "<group>";
		};
/* End PBXGroup section */

/* Begin PBXNativeTarget section */
		A5AA3BA32DDD895000B21B3A /* MyRickAndMorty */ = {
			isa = PBXNativeTarget;
			buildConfigurationList = A5AA3BC52DDD895100B21B3A /* Build configuration list for PBXNativeTarget "MyRickAndMorty" */;
			buildPhases = (
				A5AA3BA02DDD895000B21B3A /* Sources */,
				A5AA3BA12DDD895000B21B3A /* Frameworks */,
				A5AA3BA22DDD895000B21B3A /* Resources */,
			);
			buildRules = (
			);
			dependencies = (
			);
			fileSystemSynchronizedGroups = (
				A5AA3BA62DDD895000B21B3A /* MyRickAndMorty */,
			);
			name = MyRickAndMorty;
			packageProductDependencies = (
				A50464DC2E38893C00A45850 /* SDWebImage */,
				A50464DE2E38893C00A45850 /* SDWebImageMapKit */,
			);
			productName = MyRickAndMorty;
			productReference = A5AA3BA42DDD895000B21B3A /* MyRickAndMorty.app */;
			productType = "com.apple.product-type.application";
		};
		A5AA3BB02DDD895100B21B3A /* MyRickAndMortyTests */ = {
			isa = PBXNativeTarget;
			buildConfigurationList = A5AA3BC82DDD895100B21B3A /* Build configuration list for PBXNativeTarget "MyRickAndMortyTests" */;
			buildPhases = (
				A5AA3BAD2DDD895100B21B3A /* Sources */,
				A5AA3BAE2DDD895100B21B3A /* Frameworks */,
				A5AA3BAF2DDD895100B21B3A /* Resources */,
			);
			buildRules = (
			);
			dependencies = (
				A5AA3BB32DDD895100B21B3A /* PBXTargetDependency */,
			);
			fileSystemSynchronizedGroups = (
				A5AA3BB42DDD895100B21B3A /* MyRickAndMortyTests */,
			);
			name = MyRickAndMortyTests;
			packageProductDependencies = (
			);
			productName = MyRickAndMortyTests;
			productReference = A5AA3BB12DDD895100B21B3A /* MyRickAndMortyTests.xctest */;
			productType = "com.apple.product-type.bundle.unit-test";
		};
		A5AA3BBA2DDD895100B21B3A /* MyRickAndMortyUITests */ = {
			isa = PBXNativeTarget;
			buildConfigurationList = A5AA3BCB2DDD895100B21B3A /* Build configuration list for PBXNativeTarget "MyRickAndMortyUITests" */;
			buildPhases = (
				A5AA3BB72DDD895100B21B3A /* Sources */,
				A5AA3BB82DDD895100B21B3A /* Frameworks */,
				A5AA3BB92DDD895100B21B3A /* Resources */,
			);
			buildRules = (
			);
			dependencies = (
				A5AA3BBD2DDD895100B21B3A /* PBXTargetDependency */,
			);
			fileSystemSynchronizedGroups = (
				A5AA3BBE2DDD895100B21B3A /* MyRickAndMortyUITests */,
			);
			name = MyRickAndMortyUITests;
			packageProductDependencies = (
			);
			productName = MyRickAndMortyUITests;
			productReference = A5AA3BBB2DDD895100B21B3A /* MyRickAndMortyUITests.xctest */;
			productType = "com.apple.product-type.bundle.ui-testing";
		};
/* End PBXNativeTarget section */

/* Begin PBXProject section */
		A5AA3B9C2DDD895000B21B3A /* Project object */ = {
			isa = PBXProject;
			attributes = {
				BuildIndependentTargetsInParallel = 1;
				LastSwiftUpdateCheck = 1630;
				LastUpgradeCheck = 1630;
				TargetAttributes = {
					A5AA3BA32DDD895000B21B3A = {
						CreatedOnToolsVersion = 16.3;
					};
					A5AA3BB02DDD895100B21B3A = {
						CreatedOnToolsVersion = 16.3;
						TestTargetID = A5AA3BA32DDD895000B21B3A;
					};
					A5AA3BBA2DDD895100B21B3A = {
						CreatedOnToolsVersion = 16.3;
						TestTargetID = A5AA3BA32DDD895000B21B3A;
					};
				};
			};
			buildConfigurationList = A5AA3B9F2DDD895000B21B3A /* Build configuration list for PBXProject "MyRickAndMorty" */;
			developmentRegion = en;
			hasScannedForEncodings = 0;
			knownRegions = (
				en,
				Base,
			);
			mainGroup = A5AA3B9B2DDD895000B21B3A;
			minimizedProjectReferenceProxies = 1;
			packageReferences = (
				A50464DB2E38893C00A45850 /* XCRemoteSwiftPackageReference "SDWebImage" */,
			);
			preferredProjectObjectVersion = 77;
			productRefGroup = A5AA3BA52DDD895000B21B3A /* Products */;
			projectDirPath = "";
			projectRoot = "";
			targets = (
				A5AA3BA32DDD895000B21B3A /* MyRickAndMorty */,
				A5AA3BB02DDD895100B21B3A /* MyRickAndMortyTests */,
				A5AA3BBA2DDD895100B21B3A /* MyRickAndMortyUITests */,
			);
		};
/* End PBXProject section */

/* Begin PBXResourcesBuildPhase section */
		A5AA3BA22DDD895000B21B3A /* Resources */ = {
			isa = PBXResourcesBuildPhase;
			buildActionMask = 2147483647;
			files = (
			);
			runOnlyForDeploymentPostprocessing = 0;
		};
		A5AA3BAF2DDD895100B21B3A /* Resources */ = {
			isa = PBXResourcesBuildPhase;
			buildActionMask = 2147483647;
			files = (
			);
			runOnlyForDeploymentPostprocessing = 0;
		};
		A5AA3BB92DDD895100B21B3A /* Resources */ = {
			isa = PBXResourcesBuildPhase;
			buildActionMask = 2147483647;
			files = (
			);
			runOnlyForDeploymentPostprocessing = 0;
		};
/* End PBXResourcesBuildPhase section */

/* Begin PBXSourcesBuildPhase section */
		A5AA3BA02DDD895000B21B3A /* Sources */ = {
			isa = PBXSourcesBuildPhase;
			buildActionMask = 2147483647;
			files = (
			);
			runOnlyForDeploymentPostprocessing = 0;
		};
		A5AA3BAD2DDD895100B21B3A /* Sources */ = {
			isa = PBXSourcesBuildPhase;
			buildActionMask = 2147483647;
			files = (
			);
			runOnlyForDeploymentPostprocessing = 0;
		};
		A5AA3BB72DDD895100B21B3A /* Sources */ = {
			isa = PBXSourcesBuildPhase;
			buildActionMask = 2147483647;
			files = (
			);
			runOnlyForDeploymentPostprocessing = 0;
		};
/* End PBXSourcesBuildPhase section */

/* Begin PBXTargetDependency section */
		A5AA3BB32DDD895100B21B3A /* PBXTargetDependency */ = {
			isa = PBXTargetDependency;
			target = A5AA3BA32DDD895000B21B3A /* MyRickAndMorty */;
			targetProxy = A5AA3BB22DDD895100B21B3A /* PBXContainerItemProxy */;
		};
		A5AA3BBD2DDD895100B21B3A /* PBXTargetDependency */ = {
			isa = PBXTargetDependency;
			target = A5AA3BA32DDD895000B21B3A /* MyRickAndMorty */;
			targetProxy = A5AA3BBC2DDD895100B21B3A /* PBXContainerItemProxy */;
		};
/* End PBXTargetDependency section */

/* Begin XCBuildConfiguration section */
		A5AA3BC32DDD895100B21B3A /* Debug */ = {
			isa = XCBuildConfiguration;
			buildSettings = {
				ALWAYS_SEARCH_USER_PATHS = NO;
				ASSETCATALOG_COMPILER_GENERATE_SWIFT_ASSET_SYMBOL_EXTENSIONS = YES;
				CLANG_ANALYZER_NONNULL = YES;
				CLANG_ANALYZER_NUMBER_OBJECT_CONVERSION = YES_AGGRESSIVE;
				CLANG_CXX_LANGUAGE_STANDARD = "gnu++20";
				CLANG_ENABLE_MODULES = YES;
				CLANG_ENABLE_OBJC_ARC = YES;
				CLANG_ENABLE_OBJC_WEAK = YES;
				CLANG_WARN_BLOCK_CAPTURE_AUTORELEASING = YES;
				CLANG_WARN_BOOL_CONVERSION = YES;
				CLANG_WARN_COMMA = YES;
				CLANG_WARN_CONSTANT_CONVERSION = YES;
				CLANG_WARN_DEPRECATED_OBJC_IMPLEMENTATIONS = YES;
				CLANG_WARN_DIRECT_OBJC_ISA_USAGE = YES_ERROR;
				CLANG_WARN_DOCUMENTATION_COMMENTS = YES;
				CLANG_WARN_EMPTY_BODY = YES;
				CLANG_WARN_ENUM_CONVERSION = YES;
				CLANG_WARN_INFINITE_RECURSION = YES;
				CLANG_WARN_INT_CONVERSION = YES;
				CLANG_WARN_NON_LITERAL_NULL_CONVERSION = YES;
				CLANG_WARN_OBJC_IMPLICIT_RETAIN_SELF = YES;
				CLANG_WARN_OBJC_LITERAL_CONVERSION = YES;
				CLANG_WARN_OBJC_ROOT_CLASS = YES_ERROR;
				CLANG_WARN_QUOTED_INCLUDE_IN_FRAMEWORK_HEADER = YES;
				CLANG_WARN_RANGE_LOOP_ANALYSIS = YES;
				CLANG_WARN_STRICT_PROTOTYPES = YES;
				CLANG_WARN_SUSPICIOUS_MOVE = YES;
				CLANG_WARN_UNGUARDED_AVAILABILITY = YES_AGGRESSIVE;
				CLANG_WARN_UNREACHABLE_CODE = YES;
				CLANG_WARN__DUPLICATE_METHOD_MATCH = YES;
				COPY_PHASE_STRIP = NO;
				DEBUG_INFORMATION_FORMAT = dwarf;
				DEVELOPMENT_TEAM = BW5FL75AAX;
				ENABLE_STRICT_OBJC_MSGSEND = YES;
				ENABLE_TESTABILITY = YES;
				ENABLE_USER_SCRIPT_SANDBOXING = YES;
				GCC_C_LANGUAGE_STANDARD = gnu17;
				GCC_DYNAMIC_NO_PIC = NO;
				GCC_NO_COMMON_BLOCKS = YES;
				GCC_OPTIMIZATION_LEVEL = 0;
				GCC_PREPROCESSOR_DEFINITIONS = (
					"DEBUG=1",
					"$(inherited)",
				);
				GCC_WARN_64_TO_32_BIT_CONVERSION = YES;
				GCC_WARN_ABOUT_RETURN_TYPE = YES_ERROR;
				GCC_WARN_UNDECLARED_SELECTOR = YES;
				GCC_WARN_UNINITIALIZED_AUTOS = YES_AGGRESSIVE;
				GCC_WARN_UNUSED_FUNCTION = YES;
				GCC_WARN_UNUSED_VARIABLE = YES;
				IPHONEOS_DEPLOYMENT_TARGET = 18.4;
				LOCALIZATION_PREFERS_STRING_CATALOGS = YES;
				MTL_ENABLE_DEBUG_INFO = INCLUDE_SOURCE;
				MTL_FAST_MATH = YES;
				ONLY_ACTIVE_ARCH = YES;
				SDKROOT = iphoneos;
				SWIFT_ACTIVE_COMPILATION_CONDITIONS = "DEBUG $(inherited)";
				SWIFT_OPTIMIZATION_LEVEL = "-Onone";
			};
			name = Debug;
		};
		A5AA3BC42DDD895100B21B3A /* Release */ = {
			isa = XCBuildConfiguration;
			buildSettings = {
				ALWAYS_SEARCH_USER_PATHS = NO;
				ASSETCATALOG_COMPILER_GENERATE_SWIFT_ASSET_SYMBOL_EXTENSIONS = YES;
				CLANG_ANALYZER_NONNULL = YES;
				CLANG_ANALYZER_NUMBER_OBJECT_CONVERSION = YES_AGGRESSIVE;
				CLANG_CXX_LANGUAGE_STANDARD = "gnu++20";
				CLANG_ENABLE_MODULES = YES;
				CLANG_ENABLE_OBJC_ARC = YES;
				CLANG_ENABLE_OBJC_WEAK = YES;
				CLANG_WARN_BLOCK_CAPTURE_AUTORELEASING = YES;
				CLANG_WARN_BOOL_CONVERSION = YES;
				CLANG_WARN_COMMA = YES;
				CLANG_WARN_CONSTANT_CONVERSION = YES;
				CLANG_WARN_DEPRECATED_OBJC_IMPLEMENTATIONS = YES;
				CLANG_WARN_DIRECT_OBJC_ISA_USAGE = YES_ERROR;
				CLANG_WARN_DOCUMENTATION_COMMENTS = YES;
				CLANG_WARN_EMPTY_BODY = YES;
				CLANG_WARN_ENUM_CONVERSION = YES;
				CLANG_WARN_INFINITE_RECURSION = YES;
				CLANG_WARN_INT_CONVERSION = YES;
				CLANG_WARN_NON_LITERAL_NULL_CONVERSION = YES;
				CLANG_WARN_OBJC_IMPLICIT_RETAIN_SELF = YES;
				CLANG_WARN_OBJC_LITERAL_CONVERSION = YES;
				CLANG_WARN_OBJC_ROOT_CLASS = YES_ERROR;
				CLANG_WARN_QUOTED_INCLUDE_IN_FRAMEWORK_HEADER = YES;
				CLANG_WARN_RANGE_LOOP_ANALYSIS = YES;
				CLANG_WARN_STRICT_PROTOTYPES = YES;
				CLANG_WARN_SUSPICIOUS_MOVE = YES;
				CLANG_WARN_UNGUARDED_AVAILABILITY = YES_AGGRESSIVE;
				CLANG_WARN_UNREACHABLE_CODE = YES;
				CLANG_WARN__DUPLICATE_METHOD_MATCH = YES;
				COPY_PHASE_STRIP = NO;
				DEBUG_INFORMATION_FORMAT = "dwarf-with-dsym";
				DEVELOPMENT_TEAM = BW5FL75AAX;
				ENABLE_NS_ASSERTIONS = NO;
				ENABLE_STRICT_OBJC_MSGSEND = YES;
				ENABLE_USER_SCRIPT_SANDBOXING = YES;
				GCC_C_LANGUAGE_STANDARD = gnu17;
				GCC_NO_COMMON_BLOCKS = YES;
				GCC_WARN_64_TO_32_BIT_CONVERSION = YES;
				GCC_WARN_ABOUT_RETURN_TYPE = YES_ERROR;
				GCC_WARN_UNDECLARED_SELECTOR = YES;
				GCC_WARN_UNINITIALIZED_AUTOS = YES_AGGRESSIVE;
				GCC_WARN_UNUSED_FUNCTION = YES;
				GCC_WARN_UNUSED_VARIABLE = YES;
				IPHONEOS_DEPLOYMENT_TARGET = 18.4;
				LOCALIZATION_PREFERS_STRING_CATALOGS = YES;
				MTL_ENABLE_DEBUG_INFO = NO;
				MTL_FAST_MATH = YES;
				SDKROOT = iphoneos;
				SWIFT_COMPILATION_MODE = wholemodule;
				VALIDATE_PRODUCT = YES;
			};
			name = Release;
		};
		A5AA3BC62DDD895100B21B3A /* Debug */ = {
			isa = XCBuildConfiguration;
			buildSettings = {
				ASSETCATALOG_COMPILER_APPICON_NAME = AppIcon;
				ASSETCATALOG_COMPILER_GLOBAL_ACCENT_COLOR_NAME = AccentColor;
				CODE_SIGN_STYLE = Automatic;
				CURRENT_PROJECT_VERSION = 1;
				DEVELOPMENT_TEAM = BW5FL75AAX;
				ENABLE_PREVIEWS = YES;
				GENERATE_INFOPLIST_FILE = YES;
				INFOPLIST_KEY_UIApplicationSceneManifest_Generation = YES;
				INFOPLIST_KEY_UIApplicationSupportsIndirectInputEvents = YES;
				INFOPLIST_KEY_UILaunchScreen_Generation = YES;
				INFOPLIST_KEY_UISupportedInterfaceOrientations_iPad = "UIInterfaceOrientationPortrait UIInterfaceOrientationPortraitUpsideDown UIInterfaceOrientationLandscapeLeft UIInterfaceOrientationLandscapeRight";
				INFOPLIST_KEY_UISupportedInterfaceOrientations_iPhone = "UIInterfaceOrientationPortrait UIInterfaceOrientationLandscapeLeft UIInterfaceOrientationLandscapeRight";
				LD_RUNPATH_SEARCH_PATHS = (
					"$(inherited)",
					"@executable_path/Frameworks",
				);
				MARKETING_VERSION = 1.0;
				PRODUCT_BUNDLE_IDENTIFIER = com.Res.MyRickAndMorty;
				PRODUCT_NAME = "$(TARGET_NAME)";
				SWIFT_EMIT_LOC_STRINGS = YES;
				SWIFT_VERSION = 5.0;
				TARGETED_DEVICE_FAMILY = "1,2";
			};
			name = Debug;
		};
		A5AA3BC72DDD895100B21B3A /* Release */ = {
			isa = XCBuildConfiguration;
			buildSettings = {
				ASSETCATALOG_COMPILER_APPICON_NAME = AppIcon;
				ASSETCATALOG_COMPILER_GLOBAL_ACCENT_COLOR_NAME = AccentColor;
				CODE_SIGN_STYLE = Automatic;
				CURRENT_PROJECT_VERSION = 1;
				DEVELOPMENT_TEAM = BW5FL75AAX;
				ENABLE_PREVIEWS = YES;
				GENERATE_INFOPLIST_FILE = YES;
				INFOPLIST_KEY_UIApplicationSceneManifest_Generation = YES;
				INFOPLIST_KEY_UIApplicationSupportsIndirectInputEvents = YES;
				INFOPLIST_KEY_UILaunchScreen_Generation = YES;
				INFOPLIST_KEY_UISupportedInterfaceOrientations_iPad = "UIInterfaceOrientationPortrait UIInterfaceOrientationPortraitUpsideDown UIInterfaceOrientationLandscapeLeft UIInterfaceOrientationLandscapeRight";
				INFOPLIST_KEY_UISupportedInterfaceOrientations_iPhone = "UIInterfaceOrientationPortrait UIInterfaceOrientationLandscapeLeft UIInterfaceOrientationLandscapeRight";
				LD_RUNPATH_SEARCH_PATHS = (
					"$(inherited)",
					"@executable_path/Frameworks",
				);
				MARKETING_VERSION = 1.0;
				PRODUCT_BUNDLE_IDENTIFIER = com.Res.MyRickAndMorty;
				PRODUCT_NAME = "$(TARGET_NAME)";
				SWIFT_EMIT_LOC_STRINGS = YES;
				SWIFT_VERSION = 5.0;
				TARGETED_DEVICE_FAMILY = "1,2";
			};
			name = Release;
		};
		A5AA3BC92DDD895100B21B3A /* Debug */ = {
			isa = XCBuildConfiguration;
			buildSettings = {
				BUNDLE_LOADER = "$(TEST_HOST)";
				CODE_SIGN_STYLE = Automatic;
				CURRENT_PROJECT_VERSION = 1;
				DEVELOPMENT_TEAM = BW5FL75AAX;
				GENERATE_INFOPLIST_FILE = YES;
				IPHONEOS_DEPLOYMENT_TARGET = 18.4;
				MARKETING_VERSION = 1.0;
				PRODUCT_BUNDLE_IDENTIFIER = com.Res.MyRickAndMortyTests;
				PRODUCT_NAME = "$(TARGET_NAME)";
				SWIFT_EMIT_LOC_STRINGS = NO;
				SWIFT_VERSION = 5.0;
				TARGETED_DEVICE_FAMILY = "1,2";
				TEST_HOST = "$(BUILT_PRODUCTS_DIR)/MyRickAndMorty.app/$(BUNDLE_EXECUTABLE_FOLDER_PATH)/MyRickAndMorty";
			};
			name = Debug;
		};
		A5AA3BCA2DDD895100B21B3A /* Release */ = {
			isa = XCBuildConfiguration;
			buildSettings = {
				BUNDLE_LOADER = "$(TEST_HOST)";
				CODE_SIGN_STYLE = Automatic;
				CURRENT_PROJECT_VERSION = 1;
				DEVELOPMENT_TEAM = BW5FL75AAX;
				GENERATE_INFOPLIST_FILE = YES;
				IPHONEOS_DEPLOYMENT_TARGET = 18.4;
				MARKETING_VERSION = 1.0;
				PRODUCT_BUNDLE_IDENTIFIER = com.Res.MyRickAndMortyTests;
				PRODUCT_NAME = "$(TARGET_NAME)";
				SWIFT_EMIT_LOC_STRINGS = NO;
				SWIFT_VERSION = 5.0;
				TARGETED_DEVICE_FAMILY = "1,2";
				TEST_HOST = "$(BUILT_PRODUCTS_DIR)/MyRickAndMorty.app/$(BUNDLE_EXECUTABLE_FOLDER_PATH)/MyRickAndMorty";
			};
			name = Release;
		};
		A5AA3BCC2DDD895100B21B3A /* Debug */ = {
			isa = XCBuildConfiguration;
			buildSettings = {
				CODE_SIGN_STYLE = Automatic;
				CURRENT_PROJECT_VERSION = 1;
				DEVELOPMENT_TEAM = BW5FL75AAX;
				GENERATE_INFOPLIST_FILE = YES;
				MARKETING_VERSION = 1.0;
				PRODUCT_BUNDLE_IDENTIFIER = com.Res.MyRickAndMortyUITests;
				PRODUCT_NAME = "$(TARGET_NAME)";
				SWIFT_EMIT_LOC_STRINGS = NO;
				SWIFT_VERSION = 5.0;
				TARGETED_DEVICE_FAMILY = "1,2";
				TEST_TARGET_NAME = MyRickAndMorty;
			};
			name = Debug;
		};
		A5AA3BCD2DDD895100B21B3A /* Release */ = {
			isa = XCBuildConfiguration;
			buildSettings = {
				CODE_SIGN_STYLE = Automatic;
				CURRENT_PROJECT_VERSION = 1;
				DEVELOPMENT_TEAM = BW5FL75AAX;
				GENERATE_INFOPLIST_FILE = YES;
				MARKETING_VERSION = 1.0;
				PRODUCT_BUNDLE_IDENTIFIER = com.Res.MyRickAndMortyUITests;
				PRODUCT_NAME = "$(TARGET_NAME)";
				SWIFT_EMIT_LOC_STRINGS = NO;
				SWIFT_VERSION = 5.0;
				TARGETED_DEVICE_FAMILY = "1,2";
				TEST_TARGET_NAME = MyRickAndMorty;
			};
			name = Release;
		};
/* End XCBuildConfiguration section */

/* Begin XCConfigurationList section */
		A5AA3B9F2DDD895000B21B3A /* Build configuration list for PBXProject "MyRickAndMorty" */ = {
			isa = XCConfigurationList;
			buildConfigurations = (
				A5AA3BC32DDD895100B21B3A /* Debug */,
				A5AA3BC42DDD895100B21B3A /* Release */,
			);
			defaultConfigurationIsVisible = 0;
			defaultConfigurationName = Release;
		};
		A5AA3BC52DDD895100B21B3A /* Build configuration list for PBXNativeTarget "MyRickAndMorty" */ = {
			isa = XCConfigurationList;
			buildConfigurations = (
				A5AA3BC62DDD895100B21B3A /* Debug */,
				A5AA3BC72DDD895100B21B3A /* Release */,
			);
			defaultConfigurationIsVisible = 0;
			defaultConfigurationName = Release;
		};
		A5AA3BC82DDD895100B21B3A /* Build configuration list for PBXNativeTarget "MyRickAndMortyTests" */ = {
			isa = XCConfigurationList;
			buildConfigurations = (
				A5AA3BC92DDD895100B21B3A /* Debug */,
				A5AA3BCA2DDD895100B21B3A /* Release */,
			);
			defaultConfigurationIsVisible = 0;
			defaultConfigurationName = Release;
		};
		A5AA3BCB2DDD895100B21B3A /* Build configuration list for PBXNativeTarget "MyRickAndMortyUITests" */ = {
			isa = XCConfigurationList;
			buildConfigurations = (
				A5AA3BCC2DDD895100B21B3A /* Debug */,
				A5AA3BCD2DDD895100B21B3A /* Release */,
			);
			defaultConfigurationIsVisible = 0;
			defaultConfigurationName = Release;
		};
/* End XCConfigurationList section */

/* Begin XCRemoteSwiftPackageReference section */
		A50464DB2E38893C00A45850 /* XCRemoteSwiftPackageReference "SDWebImage" */ = {
			isa = XCRemoteSwiftPackageReference;
			repositoryURL = "https://github.com/SDWebImage/SDWebImage.git";
			requirement = {
				kind = upToNextMajorVersion;
				minimumVersion = 5.21.1;
			};
		};
/* End XCRemoteSwiftPackageReference section */

/* Begin XCSwiftPackageProductDependency section */
		A50464DC2E38893C00A45850 /* SDWebImage */ = {
			isa = XCSwiftPackageProductDependency;
			package = A50464DB2E38893C00A45850 /* XCRemoteSwiftPackageReference "SDWebImage" */;
			productName = SDWebImage;
		};
		A50464DE2E38893C00A45850 /* SDWebImageMapKit */ = {
			isa = XCSwiftPackageProductDependency;
			package = A50464DB2E38893C00A45850 /* XCRemoteSwiftPackageReference "SDWebImage" */;
			productName = SDWebImageMapKit;
		};
/* End XCSwiftPackageProductDependency section */
	};
	rootObject = A5AA3B9C2DDD895000B21B3A /* Project object */;
}
